
Microsoft Visual Studio Solution File, Format Version 12.00
# Visual Studio Version 18
VisualStudioVersion = 18.6.11806.211 stable
MinimumVisualStudioVersion = 10.0.40219.1
Project("{FAE04EC0-301F-11D3-BF4B-00C04F79EFBC}") = "Oracle-Health", "Oracle-Health\Oracle-Health.csproj", "{23C6F90F-0BF4-424B-B30C-1428D97E1E1A}"
EndProject
Project("{FAE04EC0-301F-11D3-BF4B-00C04F79EFBC}") = "Oracle-Health-API", "Oracle-Health-API\Oracle-Health-API.csproj", "{A5D899F7-1CFB-4B80-AA64-A9000D1E8F47}"
EndProject
Global
	GlobalSection(SolutionConfigurationPlatforms) = preSolution
		Debug|Any CPU = Debug|Any CPU
		Release|Any CPU = Release|Any CPU
	EndGlobalSection
	GlobalSection(ProjectConfigurationPlatforms) = postSolution
		{23C6F90F-0BF4-424B-B30C-1428D97E1E1A}.Debug|Any CPU.ActiveCfg = Debug|Any CPU
		{23C6F90F-0BF4-424B-B30C-1428D97E1E1A}.Debug|Any CPU.Build.0 = Debug|Any CPU
		{23C6F90F-0BF4-424B-B30C-1428D97E1E1A}.Release|Any CPU.ActiveCfg = Release|Any CPU
		{23C6F90F-0BF4-424B-B30C-1428D97E1E1A}.Release|Any CPU.Build.0 = Release|Any CPU
		{A5D899F7-1CFB-4B80-AA64-A9000D1E8F47}.Debug|Any CPU.ActiveCfg = Debug|Any CPU
		{A5D899F7-1CFB-4B80-AA64-A9000D1E8F47}.Debug|Any CPU.Build.0 = Debug|Any CPU
		{A5D899F7-1CFB-4B80-AA64-A9000D1E8F47}.Release|Any CPU.ActiveCfg = Release|Any CPU
		{A5D899F7-1CFB-4B80-AA64-A9000D1E8F47}.Release|Any CPU.Build.0 = Release|Any CPU
	EndGlobalSection
	GlobalSection(SolutionProperties) = preSolution
		HideSolutionNode = FALSE
	EndGlobalSection
	GlobalSection(ExtensibilityGlobals) = postSolution
		SolutionGuid = {793A4EE1-EB65-47C6-AFFD-BCE8D0D8C724}
	EndGlobalSection
EndGlobal
